
Microsoft Visual Studio Solution File, Format Version 12.00
# Visual Studio Version 17
VisualStudioVersion = 17.8.34330.188
MinimumVisualStudioVersion = 10.0.40219.1
Project("{FAE04EC0-301F-11D3-BF4B-00C04F79EFBC}") = "RedBadger-MartianRobots-Main", "RedBadger-MartianRobots-Main\RedBadger-MartianRobots-Main.csproj", "{9236577D-238D-4EC2-ABD8-F11FB968848A}"
EndProject
Global
	GlobalSection(SolutionConfigurationPlatforms) = preSolution
		Debug|Any CPU = Debug|Any CPU
		Release|Any CPU = Release|Any CPU
	EndGlobalSection
	GlobalSection(ProjectConfigurationPlatforms) = postSolution
		{9236577D-238D-4EC2-ABD8-F11FB968848A}.Debug|Any CPU.ActiveCfg = Debug|Any CPU
		{9236577D-238D-4EC2-ABD8-F11FB968848A}.Debug|Any CPU.Build.0 = Debug|Any CPU
		{9236577D-238D-4EC2-ABD8-F11FB968848A}.Release|Any CPU.ActiveCfg = Release|Any CPU
		{9236577D-238D-4EC2-ABD8-F11FB968848A}.Release|Any CPU.Build.0 = Release|Any CPU
	EndGlobalSection
	GlobalSection(SolutionProperties) = preSolution
		HideSolutionNode = FALSE
	EndGlobalSection
	GlobalSection(ExtensibilityGlobals) = postSolution
		SolutionGuid = {9237D5E5-7490-4F3E-8E4B-624B7D85ED4E}
	EndGlobalSection
EndGlobal
